
Microsoft Visual Studio Solution File, Format Version 12.00
# Visual Studio Version 16
VisualStudioVersion = 16.0.31112.23
MinimumVisualStudioVersion = 10.0.40219.1
Project("{8BC9CEB8-8B4A-11D0-8D11-00A0C91BC942}") = "숫자의 분할", "숫자의 분할.vcxproj", "{84AC8DCD-0F38-4002-B1CE-D893344D4613}"
EndProject
Global
	GlobalSection(SolutionConfigurationPlatforms) = preSolution
		Debug|x64 = Debug|x64
		Debug|x86 = Debug|x86
		Release|x64 = Release|x64
		Release|x86 = Release|x86
	EndGlobalSection
	GlobalSection(ProjectConfigurationPlatforms) = postSolution
		{84AC8DCD-0F38-4002-B1CE-D893344D4613}.Debug|x64.ActiveCfg = Debug|x64
		{84AC8DCD-0F38-4002-B1CE-D893344D4613}.Debug|x64.Build.0 = Debug|x64
		{84AC8DCD-0F38-4002-B1CE-D893344D4613}.Debug|x86.ActiveCfg = Debug|Win32
		{84AC8DCD-0F38-4002-B1CE-D893344D4613}.Debug|x86.Build.0 = Debug|Win32
		{84AC8DCD-0F38-4002-B1CE-D893344D4613}.Release|x64.ActiveCfg = Release|x64
		{84AC8DCD-0F38-4002-B1CE-D893344D4613}.Release|x64.Build.0 = Release|x64
		{84AC8DCD-0F38-4002-B1CE-D893344D4613}.Release|x86.ActiveCfg = Release|Win32
		{84AC8DCD-0F38-4002-B1CE-D893344D4613}.Release|x86.Build.0 = Release|Win32
	EndGlobalSection
	GlobalSection(SolutionProperties) = preSolution
		HideSolutionNode = FALSE
	EndGlobalSection
	GlobalSection(ExtensibilityGlobals) = postSolution
		SolutionGuid = {69B08B08-2977-44E0-A8EC-59F89BA87BE6}
	EndGlobalSection
EndGlobal
