
Microsoft Visual Studio Solution File, Format Version 12.00
# Visual Studio Version 16
VisualStudioVersion = 16.0.31112.23
MinimumVisualStudioVersion = 10.0.40219.1
Project("{8BC9CEB8-8B4A-11D0-8D11-00A0C91BC942}") = "대각선 순으로 배열값 입력", "대각선 순으로 배열값 입력.vcxproj", "{9A156BA4-E70B-42A0-AEE4-8C41AEF553A7}"
EndProject
Global
	GlobalSection(SolutionConfigurationPlatforms) = preSolution
		Debug|x64 = Debug|x64
		Debug|x86 = Debug|x86
		Release|x64 = Release|x64
		Release|x86 = Release|x86
	EndGlobalSection
	GlobalSection(ProjectConfigurationPlatforms) = postSolution
		{9A156BA4-E70B-42A0-AEE4-8C41AEF553A7}.Debug|x64.ActiveCfg = Debug|x64
		{9A156BA4-E70B-42A0-AEE4-8C41AEF553A7}.Debug|x64.Build.0 = Debug|x64
		{9A156BA4-E70B-42A0-AEE4-8C41AEF553A7}.Debug|x86.ActiveCfg = Debug|Win32
		{9A156BA4-E70B-42A0-AEE4-8C41AEF553A7}.Debug|x86.Build.0 = Debug|Win32
		{9A156BA4-E70B-42A0-AEE4-8C41AEF553A7}.Release|x64.ActiveCfg = Release|x64
		{9A156BA4-E70B-42A0-AEE4-8C41AEF553A7}.Release|x64.Build.0 = Release|x64
		{9A156BA4-E70B-42A0-AEE4-8C41AEF553A7}.Release|x86.ActiveCfg = Release|Win32
		{9A156BA4-E70B-42A0-AEE4-8C41AEF553A7}.Release|x86.Build.0 = Release|Win32
	EndGlobalSection
	GlobalSection(SolutionProperties) = preSolution
		HideSolutionNode = FALSE
	EndGlobalSection
	GlobalSection(ExtensibilityGlobals) = postSolution
		SolutionGuid = {849C9A3B-D29E-4B5A-A6CA-1EC523D489EC}
	EndGlobalSection
EndGlobal
